
Microsoft Visual Studio Solution File, Format Version 12.00
# Visual Studio Version 17
VisualStudioVersion = 17.5.33530.505
MinimumVisualStudioVersion = 10.0.40219.1
Project("{FAE04EC0-301F-11D3-BF4B-00C04F79EFBC}") = "BookData", "BookData\BookData.csproj", "{B5B60126-3DAC-4169-9AA7-039D305CE229}"
EndProject
Global
	GlobalSection(SolutionConfigurationPlatforms) = preSolution
		Debug|Any CPU = Debug|Any CPU
		Release|Any CPU = Release|Any CPU
	EndGlobalSection
	GlobalSection(ProjectConfigurationPlatforms) = postSolution
		{B5B60126-3DAC-4169-9AA7-039D305CE229}.Debug|Any CPU.ActiveCfg = Debug|Any CPU
		{B5B60126-3DAC-4169-9AA7-039D305CE229}.Debug|Any CPU.Build.0 = Debug|Any CPU
		{B5B60126-3DAC-4169-9AA7-039D305CE229}.Release|Any CPU.ActiveCfg = Release|Any CPU
		{B5B60126-3DAC-4169-9AA7-039D305CE229}.Release|Any CPU.Build.0 = Release|Any CPU
	EndGlobalSection
	GlobalSection(SolutionProperties) = preSolution
		HideSolutionNode = FALSE
	EndGlobalSection
	GlobalSection(ExtensibilityGlobals) = postSolution
		SolutionGuid = {F4495B37-C911-40B4-B576-473DB6564404}
	EndGlobalSection
EndGlobal
